
Microsoft Visual Studio Solution File, Format Version 12.00
# Visual Studio 2013
VisualStudioVersion = 12.0.31101.0
MinimumVisualStudioVersion = 10.0.40219.1
Project("{FAE04EC0-301F-11D3-BF4B-00C04F79EFBC}") = "WindowsFormsExample1", "WindowsFormsExample1\WindowsFormsExample1.csproj", "{35AFFFED-0A0B-4371-A5FE-F4492968B933}"
EndProject
Project("{FAE04EC0-301F-11D3-BF4B-00C04F79EFBC}") = "CalculatorApp", "CalculatorApp\CalculatorApp.csproj", "{85D93E0C-6142-4F8B-AA97-551039A67B0F}"
EndProject
Global
	GlobalSection(SolutionConfigurationPlatforms) = preSolution
		Debug|Any CPU = Debug|Any CPU
		Release|Any CPU = Release|Any CPU
	EndGlobalSection
	GlobalSection(ProjectConfigurationPlatforms) = postSolution
		{35AFFFED-0A0B-4371-A5FE-F4492968B933}.Debug|Any CPU.ActiveCfg = Debug|Any CPU
		{35AFFFED-0A0B-4371-A5FE-F4492968B933}.Debug|Any CPU.Build.0 = Debug|Any CPU
		{35AFFFED-0A0B-4371-A5FE-F4492968B933}.Release|Any CPU.ActiveCfg = Release|Any CPU
		{35AFFFED-0A0B-4371-A5FE-F4492968B933}.Release|Any CPU.Build.0 = Release|Any CPU
		{85D93E0C-6142-4F8B-AA97-551039A67B0F}.Debug|Any CPU.ActiveCfg = Debug|Any CPU
		{85D93E0C-6142-4F8B-AA97-551039A67B0F}.Debug|Any CPU.Build.0 = Debug|Any CPU
		{85D93E0C-6142-4F8B-AA97-551039A67B0F}.Release|Any CPU.ActiveCfg = Release|Any CPU
		{85D93E0C-6142-4F8B-AA97-551039A67B0F}.Release|Any CPU.Build.0 = Release|Any CPU
	EndGlobalSection
	GlobalSection(SolutionProperties) = preSolution
		HideSolutionNode = FALSE
	EndGlobalSection
EndGlobal
